
Microsoft Visual Studio Solution File, Format Version 12.00
# Visual Studio 15
VisualStudioVersion = 15.0.28307.421
MinimumVisualStudioVersion = 10.0.40219.1
Project("{FAE04EC0-301F-11D3-BF4B-00C04F79EFBC}") = "laba_2_4", "laba_2_4\laba_2_4.csproj", "{54B11C69-59EB-4562-BA27-E3EE2E30AFA0}"
EndProject
Global
	GlobalSection(SolutionConfigurationPlatforms) = preSolution
		Debug|Any CPU = Debug|Any CPU
		Release|Any CPU = Release|Any CPU
	EndGlobalSection
	GlobalSection(ProjectConfigurationPlatforms) = postSolution
		{54B11C69-59EB-4562-BA27-E3EE2E30AFA0}.Debug|Any CPU.ActiveCfg = Debug|Any CPU
		{54B11C69-59EB-4562-BA27-E3EE2E30AFA0}.Debug|Any CPU.Build.0 = Debug|Any CPU
		{54B11C69-59EB-4562-BA27-E3EE2E30AFA0}.Release|Any CPU.ActiveCfg = Release|Any CPU
		{54B11C69-59EB-4562-BA27-E3EE2E30AFA0}.Release|Any CPU.Build.0 = Release|Any CPU
	EndGlobalSection
	GlobalSection(SolutionProperties) = preSolution
		HideSolutionNode = FALSE
	EndGlobalSection
	GlobalSection(ExtensibilityGlobals) = postSolution
		SolutionGuid = {EBBFD72F-2375-425E-8FA9-6809D30305A8}
	EndGlobalSection
EndGlobal
